
Microsoft Visual Studio Solution File, Format Version 12.00
# Visual Studio Version 16
VisualStudioVersion = 16.0.28803.202
MinimumVisualStudioVersion = 10.0.40219.1
Project("{9A19103F-16F7-4668-BE54-9A1E7A4F7556}") = "CityInfo.API", "API\CityInfo.API\CityInfo.API.csproj", "{411680A1-B2C9-41FD-AA25-3B5EAF2D3095}"
EndProject
Project("{9A19103F-16F7-4668-BE54-9A1E7A4F7556}") = "Library.API", "API\Library.API\Library.API.csproj", "{B6D4F5AC-9E44-48FE-BAB9-5D981DF22B5C}"
EndProject
Project("{9A19103F-16F7-4668-BE54-9A1E7A4F7556}") = "Books.API", "API\Async\Books.API\Books.API.csproj", "{2C08282D-DDA2-4F78-BBD9-A0C7D89D9B13}"
EndProject
Project("{9A19103F-16F7-4668-BE54-9A1E7A4F7556}") = "BookCovers.API", "API\Async\BookCovers.API\BookCovers.API.csproj", "{5AE01F80-5FA9-48B6-8699-B9AF5F1B2E48}"
EndProject
Project("{9A19103F-16F7-4668-BE54-9A1E7A4F7556}") = "Books.Legacy", "API\Async\Books.Legacy\Books.Legacy.csproj", "{904E40B5-6B98-4398-9C0C-9EF2959F406D}"
EndProject
Project("{FAE04EC0-301F-11D3-BF4B-00C04F79EFBC}") = "Organize Files", "..\Organize Files\Organize Files.csproj", "{0248C720-210C-4D3E-9576-DBF2EE8F8CFA}"
EndProject
Project("{2150E333-8FDC-42A3-9474-1A3956D46DE8}") = "EF", "EF", "{4056ADD9-D3B4-43A5-9401-AA001E02B354}"
EndProject
Project("{2150E333-8FDC-42A3-9474-1A3956D46DE8}") = "API", "API", "{08BCA786-D527-49B7-801B-146B837C9D54}"
EndProject
Project("{9A19103F-16F7-4668-BE54-9A1E7A4F7556}") = "SamuraiApp.Data", "EF\SamuraiApp.Data\SamuraiApp.Data.csproj", "{1039B25E-82C4-494B-822F-5856B542D693}"
EndProject
Project("{9A19103F-16F7-4668-BE54-9A1E7A4F7556}") = "SamuraiApp.Domain", "EF\SamuraiApp.Domain\SamuraiApp.Domain.csproj", "{50A1E226-546A-49E3-A651-9CBC866C2E67}"
EndProject
Project("{9A19103F-16F7-4668-BE54-9A1E7A4F7556}") = "SomeUI", "EF\SomeUI\SomeUI.csproj", "{FB73CD13-A7CB-4609-9A4D-2A14B395AC40}"
EndProject
Project("{2150E333-8FDC-42A3-9474-1A3956D46DE8}") = "Security", "Security", "{FD819715-3428-44DD-AFCD-630DEC39340F}"
EndProject
Project("{9A19103F-16F7-4668-BE54-9A1E7A4F7556}") = "ImageGallery.API", "Security\ImageGallery.API\ImageGallery.API.csproj", "{76067FC7-A22B-41E7-A910-ADE3D2D542CC}"
EndProject
Project("{9A19103F-16F7-4668-BE54-9A1E7A4F7556}") = "ImageGallery.Client", "Security\ImageGallery.Client\ImageGallery.Client.csproj", "{38C7D69F-11C3-46C7-A490-C0BDB8905804}"
EndProject
Project("{9A19103F-16F7-4668-BE54-9A1E7A4F7556}") = "ImageGallery.Model", "Security\ImageGallery.Model\ImageGallery.Model.csproj", "{BA87D2D9-DF99-4A1B-BA2D-B39A9CE97E1E}"
EndProject
Project("{9A19103F-16F7-4668-BE54-9A1E7A4F7556}") = "Marvin.IDP", "Security\Marvin.IDP\Marvin.IDP.csproj", "{6B8DE24F-0977-4E6E-B043-3A8F69C534B4}"
EndProject
Project("{2150E333-8FDC-42A3-9474-1A3956D46DE8}") = "Async", "Async", "{2F250DC8-F7A1-4BD0-9E27-FAE53BB71F2B}"
EndProject
Project("{2150E333-8FDC-42A3-9474-1A3956D46DE8}") = "Testing", "Testing", "{BEB0BA87-49AF-4D03-84EA-423CDC48A7FA}"
EndProject
Project("{2150E333-8FDC-42A3-9474-1A3956D46DE8}") = "EF", "EF", "{2BAB04CB-1C4C-4A8A-9AB3-31D2667CDA37}"
EndProject
Project("{9A19103F-16F7-4668-BE54-9A1E7A4F7556}") = "CourseManager.API", "Testing\EF\CourseManager.API\CourseManager.API.csproj", "{14038956-25D7-4A16-A12A-E7AE1F0285E1}"
EndProject
Project("{9A19103F-16F7-4668-BE54-9A1E7A4F7556}") = "CourseManager.API.Test", "Testing\EF\CourseManager.API.Test\CourseManager.API.Test.csproj", "{CA39AD1D-E031-4CCA-850F-56220F3EF126}"
EndProject
Project("{2150E333-8FDC-42A3-9474-1A3956D46DE8}") = "Apps", "Apps", "{1D3E29CB-6A30-499C-B97A-1D77CD636FDD}"
EndProject
Project("{9A19103F-16F7-4668-BE54-9A1E7A4F7556}") = "Angular Working", "Apps\Angular Working\Angular Working.csproj", "{FECC8D5D-CE0E-4176-9DFA-CE71BD1F7A0A}"
EndProject
Project("{9A19103F-16F7-4668-BE54-9A1E7A4F7556}") = "DutchTreat", "Apps\DutchTreat\DutchTreat.csproj", "{7CF86C72-A5F7-4170-8A7A-08D4A63208C9}"
EndProject
Project("{9A19103F-16F7-4668-BE54-9A1E7A4F7556}") = "IMDBDummy", "Apps\IMDbDummy\IMDBDummy.csproj", "{90F967C0-82EF-4D6A-B2C3-2C81F79AE7CC}"
EndProject
Project("{9A19103F-16F7-4668-BE54-9A1E7A4F7556}") = "Working", "Apps\Working\Working.csproj", "{EBAB6208-F020-40A2-A4E7-84178358C1A3}"
EndProject
Project("{2150E333-8FDC-42A3-9474-1A3956D46DE8}") = "Documentation", "Documentation", "{25170C98-332F-482D-BB1D-DF5B1AE86A0F}"
EndProject
Project("{9A19103F-16F7-4668-BE54-9A1E7A4F7556}") = "Library.API", "API\Documentation\Library.API\Library.API.csproj", "{E1BAAD1D-8352-4060-89BE-972DFB764514}"
EndProject
Global
	GlobalSection(SolutionConfigurationPlatforms) = preSolution
		Debug|Any CPU = Debug|Any CPU
		Release|Any CPU = Release|Any CPU
	EndGlobalSection
	GlobalSection(ProjectConfigurationPlatforms) = postSolution
		{411680A1-B2C9-41FD-AA25-3B5EAF2D3095}.Debug|Any CPU.ActiveCfg = Debug|Any CPU
		{411680A1-B2C9-41FD-AA25-3B5EAF2D3095}.Debug|Any CPU.Build.0 = Debug|Any CPU
		{411680A1-B2C9-41FD-AA25-3B5EAF2D3095}.Release|Any CPU.ActiveCfg = Release|Any CPU
		{411680A1-B2C9-41FD-AA25-3B5EAF2D3095}.Release|Any CPU.Build.0 = Release|Any CPU
		{B6D4F5AC-9E44-48FE-BAB9-5D981DF22B5C}.Debug|Any CPU.ActiveCfg = Debug|Any CPU
		{B6D4F5AC-9E44-48FE-BAB9-5D981DF22B5C}.Debug|Any CPU.Build.0 = Debug|Any CPU
		{B6D4F5AC-9E44-48FE-BAB9-5D981DF22B5C}.Release|Any CPU.ActiveCfg = Release|Any CPU
		{B6D4F5AC-9E44-48FE-BAB9-5D981DF22B5C}.Release|Any CPU.Build.0 = Release|Any CPU
		{2C08282D-DDA2-4F78-BBD9-A0C7D89D9B13}.Debug|Any CPU.ActiveCfg = Debug|Any CPU
		{2C08282D-DDA2-4F78-BBD9-A0C7D89D9B13}.Debug|Any CPU.Build.0 = Debug|Any CPU
		{2C08282D-DDA2-4F78-BBD9-A0C7D89D9B13}.Release|Any CPU.ActiveCfg = Release|Any CPU
		{2C08282D-DDA2-4F78-BBD9-A0C7D89D9B13}.Release|Any CPU.Build.0 = Release|Any CPU
		{5AE01F80-5FA9-48B6-8699-B9AF5F1B2E48}.Debug|Any CPU.ActiveCfg = Debug|Any CPU
		{5AE01F80-5FA9-48B6-8699-B9AF5F1B2E48}.Debug|Any CPU.Build.0 = Debug|Any CPU
		{5AE01F80-5FA9-48B6-8699-B9AF5F1B2E48}.Release|Any CPU.ActiveCfg = Release|Any CPU
		{5AE01F80-5FA9-48B6-8699-B9AF5F1B2E48}.Release|Any CPU.Build.0 = Release|Any CPU
		{904E40B5-6B98-4398-9C0C-9EF2959F406D}.Debug|Any CPU.ActiveCfg = Debug|Any CPU
		{904E40B5-6B98-4398-9C0C-9EF2959F406D}.Debug|Any CPU.Build.0 = Debug|Any CPU
		{904E40B5-6B98-4398-9C0C-9EF2959F406D}.Release|Any CPU.ActiveCfg = Release|Any CPU
		{904E40B5-6B98-4398-9C0C-9EF2959F406D}.Release|Any CPU.Build.0 = Release|Any CPU
		{0248C720-210C-4D3E-9576-DBF2EE8F8CFA}.Debug|Any CPU.ActiveCfg = Debug|Any CPU
		{0248C720-210C-4D3E-9576-DBF2EE8F8CFA}.Debug|Any CPU.Build.0 = Debug|Any CPU
		{0248C720-210C-4D3E-9576-DBF2EE8F8CFA}.Release|Any CPU.ActiveCfg = Release|Any CPU
		{0248C720-210C-4D3E-9576-DBF2EE8F8CFA}.Release|Any CPU.Build.0 = Release|Any CPU
		{1039B25E-82C4-494B-822F-5856B542D693}.Debug|Any CPU.ActiveCfg = Debug|Any CPU
		{1039B25E-82C4-494B-822F-5856B542D693}.Debug|Any CPU.Build.0 = Debug|Any CPU
		{1039B25E-82C4-494B-822F-5856B542D693}.Release|Any CPU.ActiveCfg = Release|Any CPU
		{1039B25E-82C4-494B-822F-5856B542D693}.Release|Any CPU.Build.0 = Release|Any CPU
		{50A1E226-546A-49E3-A651-9CBC866C2E67}.Debug|Any CPU.ActiveCfg = Debug|Any CPU
		{50A1E226-546A-49E3-A651-9CBC866C2E67}.Debug|Any CPU.Build.0 = Debug|Any CPU
		{50A1E226-546A-49E3-A651-9CBC866C2E67}.Release|Any CPU.ActiveCfg = Release|Any CPU
		{50A1E226-546A-49E3-A651-9CBC866C2E67}.Release|Any CPU.Build.0 = Release|Any CPU
		{FB73CD13-A7CB-4609-9A4D-2A14B395AC40}.Debug|Any CPU.ActiveCfg = Debug|Any CPU
		{FB73CD13-A7CB-4609-9A4D-2A14B395AC40}.Debug|Any CPU.Build.0 = Debug|Any CPU
		{FB73CD13-A7CB-4609-9A4D-2A14B395AC40}.Release|Any CPU.ActiveCfg = Release|Any CPU
		{FB73CD13-A7CB-4609-9A4D-2A14B395AC40}.Release|Any CPU.Build.0 = Release|Any CPU
		{76067FC7-A22B-41E7-A910-ADE3D2D542CC}.Debug|Any CPU.ActiveCfg = Debug|Any CPU
		{76067FC7-A22B-41E7-A910-ADE3D2D542CC}.Debug|Any CPU.Build.0 = Debug|Any CPU
		{76067FC7-A22B-41E7-A910-ADE3D2D542CC}.Release|Any CPU.ActiveCfg = Release|Any CPU
		{76067FC7-A22B-41E7-A910-ADE3D2D542CC}.Release|Any CPU.Build.0 = Release|Any CPU
		{38C7D69F-11C3-46C7-A490-C0BDB8905804}.Debug|Any CPU.ActiveCfg = Debug|Any CPU
		{38C7D69F-11C3-46C7-A490-C0BDB8905804}.Debug|Any CPU.Build.0 = Debug|Any CPU
		{38C7D69F-11C3-46C7-A490-C0BDB8905804}.Release|Any CPU.ActiveCfg = Release|Any CPU
		{38C7D69F-11C3-46C7-A490-C0BDB8905804}.Release|Any CPU.Build.0 = Release|Any CPU
		{BA87D2D9-DF99-4A1B-BA2D-B39A9CE97E1E}.Debug|Any CPU.ActiveCfg = Debug|Any CPU
		{BA87D2D9-DF99-4A1B-BA2D-B39A9CE97E1E}.Debug|Any CPU.Build.0 = Debug|Any CPU
		{BA87D2D9-DF99-4A1B-BA2D-B39A9CE97E1E}.Release|Any CPU.ActiveCfg = Release|Any CPU
		{BA87D2D9-DF99-4A1B-BA2D-B39A9CE97E1E}.Release|Any CPU.Build.0 = Release|Any CPU
		{6B8DE24F-0977-4E6E-B043-3A8F69C534B4}.Debug|Any CPU.ActiveCfg = Debug|Any CPU
		{6B8DE24F-0977-4E6E-B043-3A8F69C534B4}.Debug|Any CPU.Build.0 = Debug|Any CPU
		{6B8DE24F-0977-4E6E-B043-3A8F69C534B4}.Release|Any CPU.ActiveCfg = Release|Any CPU
		{6B8DE24F-0977-4E6E-B043-3A8F69C534B4}.Release|Any CPU.Build.0 = Release|Any CPU
		{14038956-25D7-4A16-A12A-E7AE1F0285E1}.Debug|Any CPU.ActiveCfg = Debug|Any CPU
		{14038956-25D7-4A16-A12A-E7AE1F0285E1}.Debug|Any CPU.Build.0 = Debug|Any CPU
		{14038956-25D7-4A16-A12A-E7AE1F0285E1}.Release|Any CPU.ActiveCfg = Release|Any CPU
		{14038956-25D7-4A16-A12A-E7AE1F0285E1}.Release|Any CPU.Build.0 = Release|Any CPU
		{CA39AD1D-E031-4CCA-850F-56220F3EF126}.Debug|Any CPU.ActiveCfg = Debug|Any CPU
		{CA39AD1D-E031-4CCA-850F-56220F3EF126}.Debug|Any CPU.Build.0 = Debug|Any CPU
		{CA39AD1D-E031-4CCA-850F-56220F3EF126}.Release|Any CPU.ActiveCfg = Release|Any CPU
		{CA39AD1D-E031-4CCA-850F-56220F3EF126}.Release|Any CPU.Build.0 = Release|Any CPU
		{FECC8D5D-CE0E-4176-9DFA-CE71BD1F7A0A}.Debug|Any CPU.ActiveCfg = Debug|Any CPU
		{FECC8D5D-CE0E-4176-9DFA-CE71BD1F7A0A}.Debug|Any CPU.Build.0 = Debug|Any CPU
		{FECC8D5D-CE0E-4176-9DFA-CE71BD1F7A0A}.Release|Any CPU.ActiveCfg = Release|Any CPU
		{FECC8D5D-CE0E-4176-9DFA-CE71BD1F7A0A}.Release|Any CPU.Build.0 = Release|Any CPU
		{7CF86C72-A5F7-4170-8A7A-08D4A63208C9}.Debug|Any CPU.ActiveCfg = Debug|Any CPU
		{7CF86C72-A5F7-4170-8A7A-08D4A63208C9}.Debug|Any CPU.Build.0 = Debug|Any CPU
		{7CF86C72-A5F7-4170-8A7A-08D4A63208C9}.Release|Any CPU.ActiveCfg = Release|Any CPU
		{7CF86C72-A5F7-4170-8A7A-08D4A63208C9}.Release|Any CPU.Build.0 = Release|Any CPU
		{90F967C0-82EF-4D6A-B2C3-2C81F79AE7CC}.Debug|Any CPU.ActiveCfg = Debug|Any CPU
		{90F967C0-82EF-4D6A-B2C3-2C81F79AE7CC}.Debug|Any CPU.Build.0 = Debug|Any CPU
		{90F967C0-82EF-4D6A-B2C3-2C81F79AE7CC}.Release|Any CPU.ActiveCfg = Release|Any CPU
		{90F967C0-82EF-4D6A-B2C3-2C81F79AE7CC}.Release|Any CPU.Build.0 = Release|Any CPU
		{EBAB6208-F020-40A2-A4E7-84178358C1A3}.Debug|Any CPU.ActiveCfg = Debug|Any CPU
		{EBAB6208-F020-40A2-A4E7-84178358C1A3}.Debug|Any CPU.Build.0 = Debug|Any CPU
		{EBAB6208-F020-40A2-A4E7-84178358C1A3}.Release|Any CPU.ActiveCfg = Release|Any CPU
		{EBAB6208-F020-40A2-A4E7-84178358C1A3}.Release|Any CPU.Build.0 = Release|Any CPU
		{E1BAAD1D-8352-4060-89BE-972DFB764514}.Debug|Any CPU.ActiveCfg = Debug|Any CPU
		{E1BAAD1D-8352-4060-89BE-972DFB764514}.Debug|Any CPU.Build.0 = Debug|Any CPU
		{E1BAAD1D-8352-4060-89BE-972DFB764514}.Release|Any CPU.ActiveCfg = Release|Any CPU
		{E1BAAD1D-8352-4060-89BE-972DFB764514}.Release|Any CPU.Build.0 = Release|Any CPU
	EndGlobalSection
	GlobalSection(SolutionProperties) = preSolution
		HideSolutionNode = FALSE
	EndGlobalSection
	GlobalSection(NestedProjects) = preSolution
		{411680A1-B2C9-41FD-AA25-3B5EAF2D3095} = {08BCA786-D527-49B7-801B-146B837C9D54}
		{B6D4F5AC-9E44-48FE-BAB9-5D981DF22B5C} = {08BCA786-D527-49B7-801B-146B837C9D54}
		{2C08282D-DDA2-4F78-BBD9-A0C7D89D9B13} = {2F250DC8-F7A1-4BD0-9E27-FAE53BB71F2B}
		{5AE01F80-5FA9-48B6-8699-B9AF5F1B2E48} = {2F250DC8-F7A1-4BD0-9E27-FAE53BB71F2B}
		{904E40B5-6B98-4398-9C0C-9EF2959F406D} = {2F250DC8-F7A1-4BD0-9E27-FAE53BB71F2B}
		{1039B25E-82C4-494B-822F-5856B542D693} = {4056ADD9-D3B4-43A5-9401-AA001E02B354}
		{50A1E226-546A-49E3-A651-9CBC866C2E67} = {4056ADD9-D3B4-43A5-9401-AA001E02B354}
		{FB73CD13-A7CB-4609-9A4D-2A14B395AC40} = {4056ADD9-D3B4-43A5-9401-AA001E02B354}
		{76067FC7-A22B-41E7-A910-ADE3D2D542CC} = {FD819715-3428-44DD-AFCD-630DEC39340F}
		{38C7D69F-11C3-46C7-A490-C0BDB8905804} = {FD819715-3428-44DD-AFCD-630DEC39340F}
		{BA87D2D9-DF99-4A1B-BA2D-B39A9CE97E1E} = {FD819715-3428-44DD-AFCD-630DEC39340F}
		{6B8DE24F-0977-4E6E-B043-3A8F69C534B4} = {FD819715-3428-44DD-AFCD-630DEC39340F}
		{2F250DC8-F7A1-4BD0-9E27-FAE53BB71F2B} = {08BCA786-D527-49B7-801B-146B837C9D54}
		{2BAB04CB-1C4C-4A8A-9AB3-31D2667CDA37} = {BEB0BA87-49AF-4D03-84EA-423CDC48A7FA}
		{14038956-25D7-4A16-A12A-E7AE1F0285E1} = {2BAB04CB-1C4C-4A8A-9AB3-31D2667CDA37}
		{CA39AD1D-E031-4CCA-850F-56220F3EF126} = {2BAB04CB-1C4C-4A8A-9AB3-31D2667CDA37}
		{FECC8D5D-CE0E-4176-9DFA-CE71BD1F7A0A} = {1D3E29CB-6A30-499C-B97A-1D77CD636FDD}
		{7CF86C72-A5F7-4170-8A7A-08D4A63208C9} = {1D3E29CB-6A30-499C-B97A-1D77CD636FDD}
		{90F967C0-82EF-4D6A-B2C3-2C81F79AE7CC} = {1D3E29CB-6A30-499C-B97A-1D77CD636FDD}
		{EBAB6208-F020-40A2-A4E7-84178358C1A3} = {1D3E29CB-6A30-499C-B97A-1D77CD636FDD}
		{25170C98-332F-482D-BB1D-DF5B1AE86A0F} = {08BCA786-D527-49B7-801B-146B837C9D54}
		{E1BAAD1D-8352-4060-89BE-972DFB764514} = {25170C98-332F-482D-BB1D-DF5B1AE86A0F}
	EndGlobalSection
	GlobalSection(ExtensibilityGlobals) = postSolution
		SolutionGuid = {5A990AB1-82E2-4D41-9EBC-5F6ED0E054DA}
	EndGlobalSection
EndGlobal
